// !$*UTF8*$!
{
	archiveVersion = 1;
	classes = {
	};
	objectVersion = 55;
	objects = {

/* Begin PBXBuildFile section */
		94E0C0AF2774F7F90000F009 /* AppDelegate.swift in Sources */ = {isa = PBXBuildFile; fileRef = 94E0C0AE2774F7F90000F009 /* AppDelegate.swift */; };
		94E0C0B12774F7F90000F009 /* SceneDelegate.swift in Sources */ = {isa = PBXBuildFile; fileRef = 94E0C0B02774F7F90000F009 /* SceneDelegate.swift */; };
		94E0C0B32774F7F90000F009 /* ViewController.swift in Sources */ = {isa = PBXBuildFile; fileRef = 94E0C0B22774F7F90000F009 /* ViewController.swift */; };
		94E0C0B62774F7F90000F009 /* Main.storyboard in Resources */ = {isa = PBXBuildFile; fileRef = 94E0C0B42774F7F90000F009 /* Main.storyboard */; };
		94E0C0B82774F7FD0000F009 /* Assets.xcassets in Resources */ = {isa = PBXBuildFile; fileRef = 94E0C0B72774F7FD0000F009 /* Assets.xcassets */; };
		94E0C0BB2774F7FD0000F009 /* LaunchScreen.storyboard in Resources */ = {isa = PBXBuildFile; fileRef = 94E0C0B92774F7FD0000F009 /* LaunchScreen.storyboard */; };
		94E0C0C62774F7FD0000F009 /* SpotifySearchTests.swift in Sources */ = {isa = PBXBuildFile; fileRef = 94E0C0C52774F7FD0000F009 /* SpotifySearchTests.swift */; };
		94E0C0D02774F7FD0000F009 /* SpotifySearchUITests.swift in Sources */ = {isa = PBXBuildFile; fileRef = 94E0C0CF2774F7FD0000F009 /* SpotifySearchUITests.swift */; };
		94E0C0D22774F7FD0000F009 /* SpotifySearchUITestsLaunchTests.swift in Sources */ = {isa = PBXBuildFile; fileRef = 94E0C0D12774F7FD0000F009 /* SpotifySearchUITestsLaunchTests.swift */; };
		94E0C0E62774FBBE0000F009 /* SecretKey.swift in Sources */ = {isa = PBXBuildFile; fileRef = 94E0C0E52774FBBE0000F009 /* SecretKey.swift */; };
		94E0C0EB2774FCF40000F009 /* AppError.swift in Sources */ = {isa = PBXBuildFile; fileRef = 94E0C0EA2774FCF40000F009 /* AppError.swift */; };
		94E0C0ED2774FCFE0000F009 /* NetworkHelper.swift in Sources */ = {isa = PBXBuildFile; fileRef = 94E0C0EC2774FCFE0000F009 /* NetworkHelper.swift */; };
		94E0C0EF2774FD220000F009 /* SpotifyAPI.swift in Sources */ = {isa = PBXBuildFile; fileRef = 94E0C0EE2774FD220000F009 /* SpotifyAPI.swift */; };
/* End PBXBuildFile section */

/* Begin PBXContainerItemProxy section */
		94E0C0C22774F7FD0000F009 /* PBXContainerItemProxy */ = {
			isa = PBXContainerItemProxy;
			containerPortal = 94E0C0A32774F7F90000F009 /* Project object */;
			proxyType = 1;
			remoteGlobalIDString = 94E0C0AA2774F7F90000F009;
			remoteInfo = SpotifySearch;
		};
		94E0C0CC2774F7FD0000F009 /* PBXContainerItemProxy */ = {
			isa = PBXContainerItemProxy;
			containerPortal = 94E0C0A32774F7F90000F009 /* Project object */;
			proxyType = 1;
			remoteGlobalIDString = 94E0C0AA2774F7F90000F009;
			remoteInfo = SpotifySearch;
		};
/* End PBXContainerItemProxy section */

/* Begin PBXFileReference section */
		94E0C0AB2774F7F90000F009 /* SpotifySearch.app */ = {isa = PBXFileReference; explicitFileType = wrapper.application; includeInIndex = 0; path = SpotifySearch.app; sourceTree = BUILT_PRODUCTS_DIR; };
		94E0C0AE2774F7F90000F009 /* AppDelegate.swift */ = {isa = PBXFileReference; lastKnownFileType = sourcecode.swift; path = AppDelegate.swift; sourceTree = "<group>"; };
		94E0C0B02774F7F90000F009 /* SceneDelegate.swift */ = {isa = PBXFileReference; lastKnownFileType = sourcecode.swift; path = SceneDelegate.swift; sourceTree = "<group>"; };
		94E0C0B22774F7F90000F009 /* ViewController.swift */ = {isa = PBXFileReference; lastKnownFileType = sourcecode.swift; path = ViewController.swift; sourceTree = "<group>"; };
		94E0C0B52774F7F90000F009 /* Base */ = {isa = PBXFileReference; lastKnownFileType = file.storyboard; name = Base; path = Base.lproj/Main.storyboard; sourceTree = "<group>"; };
		94E0C0B72774F7FD0000F009 /* Assets.xcassets */ = {isa = PBXFileReference; lastKnownFileType = folder.assetcatalog; path = Assets.xcassets; sourceTree = "<group>"; };
		94E0C0BA2774F7FD0000F009 /* Base */ = {isa = PBXFileReference; lastKnownFileType = file.storyboard; name = Base; path = Base.lproj/LaunchScreen.storyboard; sourceTree = "<group>"; };
		94E0C0BC2774F7FD0000F009 /* Info.plist */ = {isa = PBXFileReference; lastKnownFileType = text.plist.xml; path = Info.plist; sourceTree = "<group>"; };
		94E0C0C12774F7FD0000F009 /* SpotifySearchTests.xctest */ = {isa = PBXFileReference; explicitFileType = wrapper.cfbundle; includeInIndex = 0; path = SpotifySearchTests.xctest; sourceTree = BUILT_PRODUCTS_DIR; };
		94E0C0C52774F7FD0000F009 /* SpotifySearchTests.swift */ = {isa = PBXFileReference; lastKnownFileType = sourcecode.swift; path = SpotifySearchTests.swift; sourceTree = "<group>"; };
		94E0C0CB2774F7FD0000F009 /* SpotifySearchUITests.xctest */ = {isa = PBXFileReference; explicitFileType = wrapper.cfbundle; includeInIndex = 0; path = SpotifySearchUITests.xctest; sourceTree = BUILT_PRODUCTS_DIR; };
		94E0C0CF2774F7FD0000F009 /* SpotifySearchUITests.swift */ = {isa = PBXFileReference; lastKnownFileType = sourcecode.swift; path = SpotifySearchUITests.swift; sourceTree = "<group>"; };
		94E0C0D12774F7FD0000F009 /* SpotifySearchUITestsLaunchTests.swift */ = {isa = PBXFileReference; lastKnownFileType = sourcecode.swift; path = SpotifySearchUITestsLaunchTests.swift; sourceTree = "<group>"; };
		94E0C0E52774FBBE0000F009 /* SecretKey.swift */ = {isa = PBXFileReference; lastKnownFileType = sourcecode.swift; path = SecretKey.swift; sourceTree = "<group>"; };
		94E0C0EA2774FCF40000F009 /* AppError.swift */ = {isa = PBXFileReference; lastKnownFileType = sourcecode.swift; path = AppError.swift; sourceTree = "<group>"; };
		94E0C0EC2774FCFE0000F009 /* NetworkHelper.swift */ = {isa = PBXFileReference; lastKnownFileType = sourcecode.swift; path = NetworkHelper.swift; sourceTree = "<group>"; };
		94E0C0EE2774FD220000F009 /* SpotifyAPI.swift */ = {isa = PBXFileReference; lastKnownFileType = sourcecode.swift; path = SpotifyAPI.swift; sourceTree = "<group>"; };
/* End PBXFileReference section */

/* Begin PBXFrameworksBuildPhase section */
		94E0C0A82774F7F90000F009 /* Frameworks */ = {
			isa = PBXFrameworksBuildPhase;
			buildActionMask = 2147483647;
			files = (
			);
			runOnlyForDeploymentPostprocessing = 0;
		};
		94E0C0BE2774F7FD0000F009 /* Frameworks */ = {
			isa = PBXFrameworksBuildPhase;
			buildActionMask = 2147483647;
			files = (
			);
			runOnlyForDeploymentPostprocessing = 0;
		};
		94E0C0C82774F7FD0000F009 /* Frameworks */ = {
			isa = PBXFrameworksBuildPhase;
			buildActionMask = 2147483647;
			files = (
			);
			runOnlyForDeploymentPostprocessing = 0;
		};
/* End PBXFrameworksBuildPhase section */

/* Begin PBXGroup section */
		94E0C0A22774F7F90000F009 = {
			isa = PBXGroup;
			children = (
				94E0C0AD2774F7F90000F009 /* SpotifySearch */,
				94E0C0C42774F7FD0000F009 /* SpotifySearchTests */,
				94E0C0CE2774F7FD0000F009 /* SpotifySearchUITests */,
				94E0C0AC2774F7F90000F009 /* Products */,
			);
			sourceTree = "<group>";
		};
		94E0C0AC2774F7F90000F009 /* Products */ = {
			isa = PBXGroup;
			children = (
				94E0C0AB2774F7F90000F009 /* SpotifySearch.app */,
				94E0C0C12774F7FD0000F009 /* SpotifySearchTests.xctest */,
				94E0C0CB2774F7FD0000F009 /* SpotifySearchUITests.xctest */,
			);
			name = Products;
			sourceTree = "<group>";
		};
		94E0C0AD2774F7F90000F009 /* SpotifySearch */ = {
			isa = PBXGroup;
			children = (
				94E0C0E72774FCCA0000F009 /* Network Services */,
				94E0C0E42774FB9D0000F009 /* Secrets */,
				94E0C0DE2774F85C0000F009 /* Supporting Files */,
				94E0C0B22774F7F90000F009 /* ViewController.swift */,
				94E0C0BC2774F7FD0000F009 /* Info.plist */,
			);
			path = SpotifySearch;
			sourceTree = "<group>";
		};
		94E0C0C42774F7FD0000F009 /* SpotifySearchTests */ = {
			isa = PBXGroup;
			children = (
				94E0C0C52774F7FD0000F009 /* SpotifySearchTests.swift */,
			);
			path = SpotifySearchTests;
			sourceTree = "<group>";
		};
		94E0C0CE2774F7FD0000F009 /* SpotifySearchUITests */ = {
			isa = PBXGroup;
			children = (
				94E0C0CF2774F7FD0000F009 /* SpotifySearchUITests.swift */,
				94E0C0D12774F7FD0000F009 /* SpotifySearchUITestsLaunchTests.swift */,
			);
			path = SpotifySearchUITests;
			sourceTree = "<group>";
		};
		94E0C0DE2774F85C0000F009 /* Supporting Files */ = {
			isa = PBXGroup;
			children = (
				94E0C0AE2774F7F90000F009 /* AppDelegate.swift */,
				94E0C0B02774F7F90000F009 /* SceneDelegate.swift */,
				94E0C0B42774F7F90000F009 /* Main.storyboard */,
				94E0C0B92774F7FD0000F009 /* LaunchScreen.storyboard */,
				94E0C0B72774F7FD0000F009 /* Assets.xcassets */,
			);
			path = "Supporting Files";
			sourceTree = "<group>";
		};
		94E0C0E42774FB9D0000F009 /* Secrets */ = {
			isa = PBXGroup;
			children = (
				94E0C0E52774FBBE0000F009 /* SecretKey.swift */,
			);
			path = Secrets;
			sourceTree = "<group>";
		};
		94E0C0E72774FCCA0000F009 /* Network Services */ = {
			isa = PBXGroup;
			children = (
				94E0C0EA2774FCF40000F009 /* AppError.swift */,
				94E0C0EC2774FCFE0000F009 /* NetworkHelper.swift */,
				94E0C0EE2774FD220000F009 /* SpotifyAPI.swift */,
			);
			path = "Network Services";
			sourceTree = "<group>";
		};
/* End PBXGroup section */

/* Begin PBXNativeTarget section */
		94E0C0AA2774F7F90000F009 /* SpotifySearch */ = {
			isa = PBXNativeTarget;
			buildConfigurationList = 94E0C0D52774F7FD0000F009 /* Build configuration list for PBXNativeTarget "SpotifySearch" */;
			buildPhases = (
				94E0C0A72774F7F90000F009 /* Sources */,
				94E0C0A82774F7F90000F009 /* Frameworks */,
				94E0C0A92774F7F90000F009 /* Resources */,
			);
			buildRules = (
			);
			dependencies = (
			);
			name = SpotifySearch;
			productName = SpotifySearch;
			productReference = 94E0C0AB2774F7F90000F009 /* SpotifySearch.app */;
			productType = "com.apple.product-type.application";
		};
		94E0C0C02774F7FD0000F009 /* SpotifySearchTests */ = {
			isa = PBXNativeTarget;
			buildConfigurationList = 94E0C0D82774F7FD0000F009 /* Build configuration list for PBXNativeTarget "SpotifySearchTests" */;
			buildPhases = (
				94E0C0BD2774F7FD0000F009 /* Sources */,
				94E0C0BE2774F7FD0000F009 /* Frameworks */,
				94E0C0BF2774F7FD0000F009 /* Resources */,
			);
			buildRules = (
			);
			dependencies = (
				94E0C0C32774F7FD0000F009 /* PBXTargetDependency */,
			);
			name = SpotifySearchTests;
			productName = SpotifySearchTests;
			productReference = 94E0C0C12774F7FD0000F009 /* SpotifySearchTests.xctest */;
			productType = "com.apple.product-type.bundle.unit-test";
		};
		94E0C0CA2774F7FD0000F009 /* SpotifySearchUITests */ = {
			isa = PBXNativeTarget;
			buildConfigurationList = 94E0C0DB2774F7FD0000F009 /* Build configuration list for PBXNativeTarget "SpotifySearchUITests" */;
			buildPhases = (
				94E0C0C72774F7FD0000F009 /* Sources */,
				94E0C0C82774F7FD0000F009 /* Frameworks */,
				94E0C0C92774F7FD0000F009 /* Resources */,
			);
			buildRules = (
			);
			dependencies = (
				94E0C0CD2774F7FD0000F009 /* PBXTargetDependency */,
			);
			name = SpotifySearchUITests;
			productName = SpotifySearchUITests;
			productReference = 94E0C0CB2774F7FD0000F009 /* SpotifySearchUITests.xctest */;
			productType = "com.apple.product-type.bundle.ui-testing";
		};
/* End PBXNativeTarget section */

/* Begin PBXProject section */
		94E0C0A32774F7F90000F009 /* Project object */ = {
			isa = PBXProject;
			attributes = {
				BuildIndependentTargetsInParallel = 1;
				LastSwiftUpdateCheck = 1310;
				LastUpgradeCheck = 1310;
				TargetAttributes = {
					94E0C0AA2774F7F90000F009 = {
						CreatedOnToolsVersion = 13.1;
					};
					94E0C0C02774F7FD0000F009 = {
						CreatedOnToolsVersion = 13.1;
						TestTargetID = 94E0C0AA2774F7F90000F009;
					};
					94E0C0CA2774F7FD0000F009 = {
						CreatedOnToolsVersion = 13.1;
						TestTargetID = 94E0C0AA2774F7F90000F009;
					};
				};
			};
			buildConfigurationList = 94E0C0A62774F7F90000F009 /* Build configuration list for PBXProject "SpotifySearch" */;
			compatibilityVersion = "Xcode 13.0";
			developmentRegion = en;
			hasScannedForEncodings = 0;
			knownRegions = (
				en,
				Base,
			);
			mainGroup = 94E0C0A22774F7F90000F009;
			productRefGroup = 94E0C0AC2774F7F90000F009 /* Products */;
			projectDirPath = "";
			projectRoot = "";
			targets = (
				94E0C0AA2774F7F90000F009 /* SpotifySearch */,
				94E0C0C02774F7FD0000F009 /* SpotifySearchTests */,
				94E0C0CA2774F7FD0000F009 /* SpotifySearchUITests */,
			);
		};
/* End PBXProject section */

/* Begin PBXResourcesBuildPhase section */
		94E0C0A92774F7F90000F009 /* Resources */ = {
			isa = PBXResourcesBuildPhase;
			buildActionMask = 2147483647;
			files = (
				94E0C0BB2774F7FD0000F009 /* LaunchScreen.storyboard in Resources */,
				94E0C0B82774F7FD0000F009 /* Assets.xcassets in Resources */,
				94E0C0B62774F7F90000F009 /* Main.storyboard in Resources */,
			);
			runOnlyForDeploymentPostprocessing = 0;
		};
		94E0C0BF2774F7FD0000F009 /* Resources */ = {
			isa = PBXResourcesBuildPhase;
			buildActionMask = 2147483647;
			files = (
			);
			runOnlyForDeploymentPostprocessing = 0;
		};
		94E0C0C92774F7FD0000F009 /* Resources */ = {
			isa = PBXResourcesBuildPhase;
			buildActionMask = 2147483647;
			files = (
			);
			runOnlyForDeploymentPostprocessing = 0;
		};
/* End PBXResourcesBuildPhase section */

/* Begin PBXSourcesBuildPhase section */
		94E0C0A72774F7F90000F009 /* Sources */ = {
			isa = PBXSourcesBuildPhase;
			buildActionMask = 2147483647;
			files = (
				94E0C0B32774F7F90000F009 /* ViewController.swift in Sources */,
				94E0C0E62774FBBE0000F009 /* SecretKey.swift in Sources */,
				94E0C0EB2774FCF40000F009 /* AppError.swift in Sources */,
				94E0C0EF2774FD220000F009 /* SpotifyAPI.swift in Sources */,
				94E0C0AF2774F7F90000F009 /* AppDelegate.swift in Sources */,
				94E0C0ED2774FCFE0000F009 /* NetworkHelper.swift in Sources */,
				94E0C0B12774F7F90000F009 /* SceneDelegate.swift in Sources */,
			);
			runOnlyForDeploymentPostprocessing = 0;
		};
		94E0C0BD2774F7FD0000F009 /* Sources */ = {
			isa = PBXSourcesBuildPhase;
			buildActionMask = 2147483647;
			files = (
				94E0C0C62774F7FD0000F009 /* SpotifySearchTests.swift in Sources */,
			);
			runOnlyForDeploymentPostprocessing = 0;
		};
		94E0C0C72774F7FD0000F009 /* Sources */ = {
			isa = PBXSourcesBuildPhase;
			buildActionMask = 2147483647;
			files = (
				94E0C0D02774F7FD0000F009 /* SpotifySearchUITests.swift in Sources */,
				94E0C0D22774F7FD0000F009 /* SpotifySearchUITestsLaunchTests.swift in Sources */,
			);
			runOnlyForDeploymentPostprocessing = 0;
		};
/* End PBXSourcesBuildPhase section */

/* Begin PBXTargetDependency section */
		94E0C0C32774F7FD0000F009 /* PBXTargetDependency */ = {
			isa = PBXTargetDependency;
			target = 94E0C0AA2774F7F90000F009 /* SpotifySearch */;
			targetProxy = 94E0C0C22774F7FD0000F009 /* PBXContainerItemProxy */;
		};
		94E0C0CD2774F7FD0000F009 /* PBXTargetDependency */ = {
			isa = PBXTargetDependency;
			target = 94E0C0AA2774F7F90000F009 /* SpotifySearch */;
			targetProxy = 94E0C0CC2774F7FD0000F009 /* PBXContainerItemProxy */;
		};
/* End PBXTargetDependency section */

/* Begin PBXVariantGroup section */
		94E0C0B42774F7F90000F009 /* Main.storyboard */ = {
			isa = PBXVariantGroup;
			children = (
				94E0C0B52774F7F90000F009 /* Base */,
			);
			name = Main.storyboard;
			sourceTree = "<group>";
		};
		94E0C0B92774F7FD0000F009 /* LaunchScreen.storyboard */ = {
			isa = PBXVariantGroup;
			children = (
				94E0C0BA2774F7FD0000F009 /* Base */,
			);
			name = LaunchScreen.storyboard;
			sourceTree = "<group>";
		};
/* End PBXVariantGroup section */

/* Begin XCBuildConfiguration section */
		94E0C0D32774F7FD0000F009 /* Debug */ = {
			isa = XCBuildConfiguration;
			buildSettings = {
				ALWAYS_SEARCH_USER_PATHS = NO;
				CLANG_ANALYZER_NONNULL = YES;
				CLANG_ANALYZER_NUMBER_OBJECT_CONVERSION = YES_AGGRESSIVE;
				CLANG_CXX_LANGUAGE_STANDARD = "gnu++17";
				CLANG_CXX_LIBRARY = "libc++";
				CLANG_ENABLE_MODULES = YES;
				CLANG_ENABLE_OBJC_ARC = YES;
				CLANG_ENABLE_OBJC_WEAK = YES;
				CLANG_WARN_BLOCK_CAPTURE_AUTORELEASING = YES;
				CLANG_WARN_BOOL_CONVERSION = YES;
				CLANG_WARN_COMMA = YES;
				CLANG_WARN_CONSTANT_CONVERSION = YES;
				CLANG_WARN_DEPRECATED_OBJC_IMPLEMENTATIONS = YES;
				CLANG_WARN_DIRECT_OBJC_ISA_USAGE = YES_ERROR;
				CLANG_WARN_DOCUMENTATION_COMMENTS = YES;
				CLANG_WARN_EMPTY_BODY = YES;
				CLANG_WARN_ENUM_CONVERSION = YES;
				CLANG_WARN_INFINITE_RECURSION = YES;
				CLANG_WARN_INT_CONVERSION = YES;
				CLANG_WARN_NON_LITERAL_NULL_CONVERSION = YES;
				CLANG_WARN_OBJC_IMPLICIT_RETAIN_SELF = YES;
				CLANG_WARN_OBJC_LITERAL_CONVERSION = YES;
				CLANG_WARN_OBJC_ROOT_CLASS = YES_ERROR;
				CLANG_WARN_QUOTED_INCLUDE_IN_FRAMEWORK_HEADER = YES;
				CLANG_WARN_RANGE_LOOP_ANALYSIS = YES;
				CLANG_WARN_STRICT_PROTOTYPES = YES;
				CLANG_WARN_SUSPICIOUS_MOVE = YES;
				CLANG_WARN_UNGUARDED_AVAILABILITY = YES_AGGRESSIVE;
				CLANG_WARN_UNREACHABLE_CODE = YES;
				CLANG_WARN__DUPLICATE_METHOD_MATCH = YES;
				COPY_PHASE_STRIP = NO;
				DEBUG_INFORMATION_FORMAT = dwarf;
				ENABLE_STRICT_OBJC_MSGSEND = YES;
				ENABLE_TESTABILITY = YES;
				GCC_C_LANGUAGE_STANDARD = gnu11;
				GCC_DYNAMIC_NO_PIC = NO;
				GCC_NO_COMMON_BLOCKS = YES;
				GCC_OPTIMIZATION_LEVEL = 0;
				GCC_PREPROCESSOR_DEFINITIONS = (
					"DEBUG=1",
					"$(inherited)",
				);
				GCC_WARN_64_TO_32_BIT_CONVERSION = YES;
				GCC_WARN_ABOUT_RETURN_TYPE = YES_ERROR;
				GCC_WARN_UNDECLARED_SELECTOR = YES;
				GCC_WARN_UNINITIALIZED_AUTOS = YES_AGGRESSIVE;
				GCC_WARN_UNUSED_FUNCTION = YES;
				GCC_WARN_UNUSED_VARIABLE = YES;
				IPHONEOS_DEPLOYMENT_TARGET = 15.0;
				MTL_ENABLE_DEBUG_INFO = INCLUDE_SOURCE;
				MTL_FAST_MATH = YES;
				ONLY_ACTIVE_ARCH = YES;
				SDKROOT = iphoneos;
				SWIFT_ACTIVE_COMPILATION_CONDITIONS = DEBUG;
				SWIFT_OPTIMIZATION_LEVEL = "-Onone";
			};
			name = Debug;
		};
		94E0C0D42774F7FD0000F009 /* Release */ = {
			isa = XCBuildConfiguration;
			buildSettings = {
				ALWAYS_SEARCH_USER_PATHS = NO;
				CLANG_ANALYZER_NONNULL = YES;
				CLANG_ANALYZER_NUMBER_OBJECT_CONVERSION = YES_AGGRESSIVE;
				CLANG_CXX_LANGUAGE_STANDARD = "gnu++17";
				CLANG_CXX_LIBRARY = "libc++";
				CLANG_ENABLE_MODULES = YES;
				CLANG_ENABLE_OBJC_ARC = YES;
				CLANG_ENABLE_OBJC_WEAK = YES;
				CLANG_WARN_BLOCK_CAPTURE_AUTORELEASING = YES;
				CLANG_WARN_BOOL_CONVERSION = YES;
				CLANG_WARN_COMMA = YES;
				CLANG_WARN_CONSTANT_CONVERSION = YES;
				CLANG_WARN_DEPRECATED_OBJC_IMPLEMENTATIONS = YES;
				CLANG_WARN_DIRECT_OBJC_ISA_USAGE = YES_ERROR;
				CLANG_WARN_DOCUMENTATION_COMMENTS = YES;
				CLANG_WARN_EMPTY_BODY = YES;
				CLANG_WARN_ENUM_CONVERSION = YES;
				CLANG_WARN_INFINITE_RECURSION = YES;
				CLANG_WARN_INT_CONVERSION = YES;
				CLANG_WARN_NON_LITERAL_NULL_CONVERSION = YES;
				CLANG_WARN_OBJC_IMPLICIT_RETAIN_SELF = YES;
				CLANG_WARN_OBJC_LITERAL_CONVERSION = YES;
				CLANG_WARN_OBJC_ROOT_CLASS = YES_ERROR;
				CLANG_WARN_QUOTED_INCLUDE_IN_FRAMEWORK_HEADER = YES;
				CLANG_WARN_RANGE_LOOP_ANALYSIS = YES;
				CLANG_WARN_STRICT_PROTOTYPES = YES;
				CLANG_WARN_SUSPICIOUS_MOVE = YES;
				CLANG_WARN_UNGUARDED_AVAILABILITY = YES_AGGRESSIVE;
				CLANG_WARN_UNREACHABLE_CODE = YES;
				CLANG_WARN__DUPLICATE_METHOD_MATCH = YES;
				COPY_PHASE_STRIP = NO;
				DEBUG_INFORMATION_FORMAT = "dwarf-with-dsym";
				ENABLE_NS_ASSERTIONS = NO;
				ENABLE_STRICT_OBJC_MSGSEND = YES;
				GCC_C_LANGUAGE_STANDARD = gnu11;
				GCC_NO_COMMON_BLOCKS = YES;
				GCC_WARN_64_TO_32_BIT_CONVERSION = YES;
				GCC_WARN_ABOUT_RETURN_TYPE = YES_ERROR;
				GCC_WARN_UNDECLARED_SELECTOR = YES;
				GCC_WARN_UNINITIALIZED_AUTOS = YES_AGGRESSIVE;
				GCC_WARN_UNUSED_FUNCTION = YES;
				GCC_WARN_UNUSED_VARIABLE = YES;
				IPHONEOS_DEPLOYMENT_TARGET = 15.0;
				MTL_ENABLE_DEBUG_INFO = NO;
				MTL_FAST_MATH = YES;
				SDKROOT = iphoneos;
				SWIFT_COMPILATION_MODE = wholemodule;
				SWIFT_OPTIMIZATION_LEVEL = "-O";
				VALIDATE_PRODUCT = YES;
			};
			name = Release;
		};
		94E0C0D62774F7FD0000F009 /* Debug */ = {
			isa = XCBuildConfiguration;
			buildSettings = {
				ASSETCATALOG_COMPILER_APPICON_NAME = AppIcon;
				ASSETCATALOG_COMPILER_GLOBAL_ACCENT_COLOR_NAME = AccentColor;
				CODE_SIGN_STYLE = Automatic;
				CURRENT_PROJECT_VERSION = 1;
				DEVELOPMENT_TEAM = Z4V4D6Q5VP;
				GENERATE_INFOPLIST_FILE = YES;
				INFOPLIST_FILE = SpotifySearch/Info.plist;
				INFOPLIST_KEY_UIApplicationSupportsIndirectInputEvents = YES;
				INFOPLIST_KEY_UILaunchStoryboardName = LaunchScreen;
				INFOPLIST_KEY_UIMainStoryboardFile = Main;
				INFOPLIST_KEY_UISupportedInterfaceOrientations_iPad = "UIInterfaceOrientationPortrait UIInterfaceOrientationPortraitUpsideDown UIInterfaceOrientationLandscapeLeft UIInterfaceOrientationLandscapeRight";
				INFOPLIST_KEY_UISupportedInterfaceOrientations_iPhone = "UIInterfaceOrientationPortrait UIInterfaceOrientationLandscapeLeft UIInterfaceOrientationLandscapeRight";
				LD_RUNPATH_SEARCH_PATHS = (
					"$(inherited)",
					"@executable_path/Frameworks",
				);
				MARKETING_VERSION = 1.0;
				PRODUCT_BUNDLE_IDENTIFIER = "chakanezshegog-gmail.com.SpotifySearch";
				PRODUCT_NAME = "$(TARGET_NAME)";
				SWIFT_EMIT_LOC_STRINGS = YES;
				SWIFT_VERSION = 5.0;
				TARGETED_DEVICE_FAMILY = "1,2";
			};
			name = Debug;
		};
		94E0C0D72774F7FD0000F009 /* Release */ = {
			isa = XCBuildConfiguration;
			buildSettings = {
				ASSETCATALOG_COMPILER_APPICON_NAME = AppIcon;
				ASSETCATALOG_COMPILER_GLOBAL_ACCENT_COLOR_NAME = AccentColor;
				CODE_SIGN_STYLE = Automatic;
				CURRENT_PROJECT_VERSION = 1;
				DEVELOPMENT_TEAM = Z4V4D6Q5VP;
				GENERATE_INFOPLIST_FILE = YES;
				INFOPLIST_FILE = SpotifySearch/Info.plist;
				INFOPLIST_KEY_UIApplicationSupportsIndirectInputEvents = YES;
				INFOPLIST_KEY_UILaunchStoryboardName = LaunchScreen;
				INFOPLIST_KEY_UIMainStoryboardFile = Main;
				INFOPLIST_KEY_UISupportedInterfaceOrientations_iPad = "UIInterfaceOrientationPortrait UIInterfaceOrientationPortraitUpsideDown UIInterfaceOrientationLandscapeLeft UIInterfaceOrientationLandscapeRight";
				INFOPLIST_KEY_UISupportedInterfaceOrientations_iPhone = "UIInterfaceOrientationPortrait UIInterfaceOrientationLandscapeLeft UIInterfaceOrientationLandscapeRight";
				LD_RUNPATH_SEARCH_PATHS = (
					"$(inherited)",
					"@executable_path/Frameworks",
				);
				MARKETING_VERSION = 1.0;
				PRODUCT_BUNDLE_IDENTIFIER = "chakanezshegog-gmail.com.SpotifySearch";
				PRODUCT_NAME = "$(TARGET_NAME)";
				SWIFT_EMIT_LOC_STRINGS = YES;
				SWIFT_VERSION = 5.0;
				TARGETED_DEVICE_FAMILY = "1,2";
			};
			name = Release;
		};
		94E0C0D92774F7FD0000F009 /* Debug */ = {
			isa = XCBuildConfiguration;
			buildSettings = {
				ALWAYS_EMBED_SWIFT_STANDARD_LIBRARIES = YES;
				BUNDLE_LOADER = "$(TEST_HOST)";
				CODE_SIGN_STYLE = Automatic;
				CURRENT_PROJECT_VERSION = 1;
				DEVELOPMENT_TEAM = Z4V4D6Q5VP;
				GENERATE_INFOPLIST_FILE = YES;
				IPHONEOS_DEPLOYMENT_TARGET = 15.0;
				LD_RUNPATH_SEARCH_PATHS = (
					"$(inherited)",
					"@executable_path/Frameworks",
					"@loader_path/Frameworks",
				);
				MARKETING_VERSION = 1.0;
				PRODUCT_BUNDLE_IDENTIFIER = "chakanezshegog-gmail.com.SpotifySearchTests";
				PRODUCT_NAME = "$(TARGET_NAME)";
				SWIFT_EMIT_LOC_STRINGS = NO;
				SWIFT_VERSION = 5.0;
				TARGETED_DEVICE_FAMILY = "1,2";
				TEST_HOST = "$(BUILT_PRODUCTS_DIR)/SpotifySearch.app/SpotifySearch";
			};
			name = Debug;
		};
		94E0C0DA2774F7FD0000F009 /* Release */ = {
			isa = XCBuildConfiguration;
			buildSettings = {
				ALWAYS_EMBED_SWIFT_STANDARD_LIBRARIES = YES;
				BUNDLE_LOADER = "$(TEST_HOST)";
				CODE_SIGN_STYLE = Automatic;
				CURRENT_PROJECT_VERSION = 1;
				DEVELOPMENT_TEAM = Z4V4D6Q5VP;
				GENERATE_INFOPLIST_FILE = YES;
				IPHONEOS_DEPLOYMENT_TARGET = 15.0;
				LD_RUNPATH_SEARCH_PATHS = (
					"$(inherited)",
					"@executable_path/Frameworks",
					"@loader_path/Frameworks",
				);
				MARKETING_VERSION = 1.0;
				PRODUCT_BUNDLE_IDENTIFIER = "chakanezshegog-gmail.com.SpotifySearchTests";
				PRODUCT_NAME = "$(TARGET_NAME)";
				SWIFT_EMIT_LOC_STRINGS = NO;
				SWIFT_VERSION = 5.0;
				TARGETED_DEVICE_FAMILY = "1,2";
				TEST_HOST = "$(BUILT_PRODUCTS_DIR)/SpotifySearch.app/SpotifySearch";
			};
			name = Release;
		};
		94E0C0DC2774F7FD0000F009 /* Debug */ = {
			isa = XCBuildConfiguration;
			buildSettings = {
				ALWAYS_EMBED_SWIFT_STANDARD_LIBRARIES = YES;
				CODE_SIGN_STYLE = Automatic;
				CURRENT_PROJECT_VERSION = 1;
				DEVELOPMENT_TEAM = Z4V4D6Q5VP;
				GENERATE_INFOPLIST_FILE = YES;
				LD_RUNPATH_SEARCH_PATHS = (
					"$(inherited)",
					"@executable_path/Frameworks",
					"@loader_path/Frameworks",
				);
				MARKETING_VERSION = 1.0;
				PRODUCT_BUNDLE_IDENTIFIER = "chakanezshegog-gmail.com.SpotifySearchUITests";
				PRODUCT_NAME = "$(TARGET_NAME)";
				SWIFT_EMIT_LOC_STRINGS = NO;
				SWIFT_VERSION = 5.0;
				TARGETED_DEVICE_FAMILY = "1,2";
				TEST_TARGET_NAME = SpotifySearch;
			};
			name = Debug;
		};
		94E0C0DD2774F7FD0000F009 /* Release */ = {
			isa = XCBuildConfiguration;
			buildSettings = {
				ALWAYS_EMBED_SWIFT_STANDARD_LIBRARIES = YES;
				CODE_SIGN_STYLE = Automatic;
				CURRENT_PROJECT_VERSION = 1;
				DEVELOPMENT_TEAM = Z4V4D6Q5VP;
				GENERATE_INFOPLIST_FILE = YES;
				LD_RUNPATH_SEARCH_PATHS = (
					"$(inherited)",
					"@executable_path/Frameworks",
					"@loader_path/Frameworks",
				);
				MARKETING_VERSION = 1.0;
				PRODUCT_BUNDLE_IDENTIFIER = "chakanezshegog-gmail.com.SpotifySearchUITests";
				PRODUCT_NAME = "$(TARGET_NAME)";
				SWIFT_EMIT_LOC_STRINGS = NO;
				SWIFT_VERSION = 5.0;
				TARGETED_DEVICE_FAMILY = "1,2";
				TEST_TARGET_NAME = SpotifySearch;
			};
			name = Release;
		};
/* End XCBuildConfiguration section */

/* Begin XCConfigurationList section */
		94E0C0A62774F7F90000F009 /* Build configuration list for PBXProject "SpotifySearch" */ = {
			isa = XCConfigurationList;
			buildConfigurations = (
				94E0C0D32774F7FD0000F009 /* Debug */,
				94E0C0D42774F7FD0000F009 /* Release */,
			);
			defaultConfigurationIsVisible = 0;
			defaultConfigurationName = Release;
		};
		94E0C0D52774F7FD0000F009 /* Build configuration list for PBXNativeTarget "SpotifySearch" */ = {
			isa = XCConfigurationList;
			buildConfigurations = (
				94E0C0D62774F7FD0000F009 /* Debug */,
				94E0C0D72774F7FD0000F009 /* Release */,
			);
			defaultConfigurationIsVisible = 0;
			defaultConfigurationName = Release;
		};
		94E0C0D82774F7FD0000F009 /* Build configuration list for PBXNativeTarget "SpotifySearchTests" */ = {
			isa = XCConfigurationList;
			buildConfigurations = (
				94E0C0D92774F7FD0000F009 /* Debug */,
				94E0C0DA2774F7FD0000F009 /* Release */,
			);
			defaultConfigurationIsVisible = 0;
			defaultConfigurationName = Release;
		};
		94E0C0DB2774F7FD0000F009 /* Build configuration list for PBXNativeTarget "SpotifySearchUITests" */ = {
			isa = XCConfigurationList;
			buildConfigurations = (
				94E0C0DC2774F7FD0000F009 /* Debug */,
				94E0C0DD2774F7FD0000F009 /* Release */,
			);
			defaultConfigurationIsVisible = 0;
			defaultConfigurationName = Release;
		};
/* End XCConfigurationList section */
	};
	rootObject = 94E0C0A32774F7F90000F009 /* Project object */;
}
